
Microsoft Visual Studio Solution File, Format Version 12.00
# Visual Studio Version 17
VisualStudioVersion = 17.0.31903.59
MinimumVisualStudioVersion = 10.0.40219.1
Project("{2150E333-8FDC-42A3-9474-1A3956D46DE8}") = "src", "src", "{EC13B6F3-04F3-4AC6-B101-B13DDFD971EF}"
EndProject
Project("{2150E333-8FDC-42A3-9474-1A3956D46DE8}") = "tests", "tests", "{43EC900D-CCE7-42D1-8268-EB5BA61F7853}"
EndProject
Project("{FAE04EC0-301F-11D3-BF4B-00C04F79EFBC}") = "Aiursoft.Kahla.SDK", "src\Aiursoft.Kahla.SDK\Aiursoft.Kahla.SDK.csproj", "{A6E8B575-4DB1-4BF7-B27F-FB685031577A}"
EndProject
Project("{FAE04EC0-301F-11D3-BF4B-00C04F79EFBC}") = "Aiursoft.Kahla.Server", "src\Aiursoft.Kahla.Server\Aiursoft.Kahla.Server.csproj", "{183B105A-D9A1-4B26-B7C1-5575C75D645F}"
EndProject
Project("{FAE04EC0-301F-11D3-BF4B-00C04F79EFBC}") = "Kahla.Tests", "tests\Kahla.Tests\Kahla.Tests.csproj", "{E9E105D5-4E8C-4E51-9DFD-2B3508C1D0CB}"
EndProject
Project("{FAE04EC0-301F-11D3-BF4B-00C04F79EFBC}") = "Aiursoft.Kahla.Entities", "src\Aiursoft.Kahla.Entities\Aiursoft.Kahla.Entities.csproj", "{534FE727-9B27-4449-BBBA-7FBEC7227233}"
EndProject
Project("{FAE04EC0-301F-11D3-BF4B-00C04F79EFBC}") = "Aiursoft.Kahla.MySql", "src\Aiursoft.Kahla.MySql\Aiursoft.Kahla.MySql.csproj", "{C1D3F3A8-6E2E-468C-BD2A-A8CA296FB716}"
EndProject
Project("{FAE04EC0-301F-11D3-BF4B-00C04F79EFBC}") = "Aiursoft.Kahla.Sqlite", "src\Aiursoft.Kahla.Sqlite\Aiursoft.Kahla.Sqlite.csproj", "{DD2C2DF9-2C6C-4CD7-A837-918DBF8747BF}"
EndProject
Project("{FAE04EC0-301F-11D3-BF4B-00C04F79EFBC}") = "Aiursoft.Kahla.InMemory", "src\Aiursoft.Kahla.InMemory\Aiursoft.Kahla.InMemory.csproj", "{6F2639C8-7B0E-46C6-A0AD-6CE687832A1A}"
EndProject
Global
	GlobalSection(SolutionConfigurationPlatforms) = preSolution
		Debug|Any CPU = Debug|Any CPU
		Release|Any CPU = Release|Any CPU
	EndGlobalSection
	GlobalSection(SolutionProperties) = preSolution
		HideSolutionNode = FALSE
	EndGlobalSection
	GlobalSection(NestedProjects) = preSolution
		{A6E8B575-4DB1-4BF7-B27F-FB685031577A} = {EC13B6F3-04F3-4AC6-B101-B13DDFD971EF}
		{183B105A-D9A1-4B26-B7C1-5575C75D645F} = {EC13B6F3-04F3-4AC6-B101-B13DDFD971EF}
		{E9E105D5-4E8C-4E51-9DFD-2B3508C1D0CB} = {43EC900D-CCE7-42D1-8268-EB5BA61F7853}
		{534FE727-9B27-4449-BBBA-7FBEC7227233} = {EC13B6F3-04F3-4AC6-B101-B13DDFD971EF}
		{C1D3F3A8-6E2E-468C-BD2A-A8CA296FB716} = {EC13B6F3-04F3-4AC6-B101-B13DDFD971EF}
		{DD2C2DF9-2C6C-4CD7-A837-918DBF8747BF} = {EC13B6F3-04F3-4AC6-B101-B13DDFD971EF}
		{6F2639C8-7B0E-46C6-A0AD-6CE687832A1A} = {EC13B6F3-04F3-4AC6-B101-B13DDFD971EF}
	EndGlobalSection
	GlobalSection(ProjectConfigurationPlatforms) = postSolution
		{A6E8B575-4DB1-4BF7-B27F-FB685031577A}.Debug|Any CPU.ActiveCfg = Debug|Any CPU
		{A6E8B575-4DB1-4BF7-B27F-FB685031577A}.Debug|Any CPU.Build.0 = Debug|Any CPU
		{A6E8B575-4DB1-4BF7-B27F-FB685031577A}.Release|Any CPU.ActiveCfg = Release|Any CPU
		{A6E8B575-4DB1-4BF7-B27F-FB685031577A}.Release|Any CPU.Build.0 = Release|Any CPU
		{183B105A-D9A1-4B26-B7C1-5575C75D645F}.Debug|Any CPU.ActiveCfg = Debug|Any CPU
		{183B105A-D9A1-4B26-B7C1-5575C75D645F}.Debug|Any CPU.Build.0 = Debug|Any CPU
		{183B105A-D9A1-4B26-B7C1-5575C75D645F}.Release|Any CPU.ActiveCfg = Release|Any CPU
		{183B105A-D9A1-4B26-B7C1-5575C75D645F}.Release|Any CPU.Build.0 = Release|Any CPU
		{E9E105D5-4E8C-4E51-9DFD-2B3508C1D0CB}.Debug|Any CPU.ActiveCfg = Debug|Any CPU
		{E9E105D5-4E8C-4E51-9DFD-2B3508C1D0CB}.Debug|Any CPU.Build.0 = Debug|Any CPU
		{E9E105D5-4E8C-4E51-9DFD-2B3508C1D0CB}.Release|Any CPU.ActiveCfg = Release|Any CPU
		{E9E105D5-4E8C-4E51-9DFD-2B3508C1D0CB}.Release|Any CPU.Build.0 = Release|Any CPU
		{534FE727-9B27-4449-BBBA-7FBEC7227233}.Debug|Any CPU.ActiveCfg = Debug|Any CPU
		{534FE727-9B27-4449-BBBA-7FBEC7227233}.Debug|Any CPU.Build.0 = Debug|Any CPU
		{534FE727-9B27-4449-BBBA-7FBEC7227233}.Release|Any CPU.ActiveCfg = Release|Any CPU
		{534FE727-9B27-4449-BBBA-7FBEC7227233}.Release|Any CPU.Build.0 = Release|Any CPU
		{C1D3F3A8-6E2E-468C-BD2A-A8CA296FB716}.Debug|Any CPU.ActiveCfg = Debug|Any CPU
		{C1D3F3A8-6E2E-468C-BD2A-A8CA296FB716}.Debug|Any CPU.Build.0 = Debug|Any CPU
		{C1D3F3A8-6E2E-468C-BD2A-A8CA296FB716}.Release|Any CPU.ActiveCfg = Release|Any CPU
		{C1D3F3A8-6E2E-468C-BD2A-A8CA296FB716}.Release|Any CPU.Build.0 = Release|Any CPU
		{DD2C2DF9-2C6C-4CD7-A837-918DBF8747BF}.Debug|Any CPU.ActiveCfg = Debug|Any CPU
		{DD2C2DF9-2C6C-4CD7-A837-918DBF8747BF}.Debug|Any CPU.Build.0 = Debug|Any CPU
		{DD2C2DF9-2C6C-4CD7-A837-918DBF8747BF}.Release|Any CPU.ActiveCfg = Release|Any CPU
		{DD2C2DF9-2C6C-4CD7-A837-918DBF8747BF}.Release|Any CPU.Build.0 = Release|Any CPU
		{6F2639C8-7B0E-46C6-A0AD-6CE687832A1A}.Debug|Any CPU.ActiveCfg = Debug|Any CPU
		{6F2639C8-7B0E-46C6-A0AD-6CE687832A1A}.Debug|Any CPU.Build.0 = Debug|Any CPU
		{6F2639C8-7B0E-46C6-A0AD-6CE687832A1A}.Release|Any CPU.ActiveCfg = Release|Any CPU
		{6F2639C8-7B0E-46C6-A0AD-6CE687832A1A}.Release|Any CPU.Build.0 = Release|Any CPU
	EndGlobalSection
EndGlobal
