
Microsoft Visual Studio Solution File, Format Version 12.00
# Visual Studio Version 16
VisualStudioVersion = 16.0.29519.87
MinimumVisualStudioVersion = 10.0.40219.1
Project("{9A19103F-16F7-4668-BE54-9A1E7A4F7556}") = "Kahla.Server", "Kahla.Server\Kahla.Server.csproj", "{3C29736F-572D-42D9-91D1-C3E71A536015}"
	ProjectSection(ProjectDependencies) = postProject
		{E64C30D5-B506-4574-89FC-8A5F60CA5AD8} = {E64C30D5-B506-4574-89FC-8A5F60CA5AD8}
	EndProjectSection
EndProject
Project("{9A19103F-16F7-4668-BE54-9A1E7A4F7556}") = "Kahla.SDK", "Kahla.SDK\Kahla.SDK.csproj", "{E64C30D5-B506-4574-89FC-8A5F60CA5AD8}"
EndProject
Project("{9A19103F-16F7-4668-BE54-9A1E7A4F7556}") = "Kahla.Bot", "Kahla.Bot\Kahla.Bot.csproj", "{8786A349-6B05-4CFA-AF4E-EAE9839C5AB0}"
EndProject
Project("{9A19103F-16F7-4668-BE54-9A1E7A4F7556}") = "Kahla.Home", "Kahla.Home\Kahla.Home.csproj", "{4BCA5677-7506-48F3-B4A6-E4A26EF47AD0}"
EndProject
Project("{2150E333-8FDC-42A3-9474-1A3956D46DE8}") = "SDK", "SDK", "{717D65A6-7B59-4352-BAD8-E4D74FD7A508}"
EndProject
Project("{2150E333-8FDC-42A3-9474-1A3956D46DE8}") = "Examples", "Examples", "{0C9ED400-F809-4009-9440-4458F9E056D4}"
EndProject
Project("{2150E333-8FDC-42A3-9474-1A3956D46DE8}") = "Web", "Web", "{C777DD3A-EC1B-4753-A1CB-FA19D2A905A7}"
EndProject
Project("{2150E333-8FDC-42A3-9474-1A3956D46DE8}") = "Tests", "Tests", "{31D4CC42-E763-4CBF-B1E3-7C004F82FF9F}"
EndProject
Project("{9A19103F-16F7-4668-BE54-9A1E7A4F7556}") = "Kahla.Tests", "Kahla.Tests\Kahla.Tests.csproj", "{7D5B1EEF-3D95-420E-93EE-F73FD89C00B8}"
EndProject
Project("{9A19103F-16F7-4668-BE54-9A1E7A4F7556}") = "Kahla.CLI", "Kahla.CLI\Kahla.CLI.csproj", "{BE4F562D-D8B2-40E5-A410-CFE2CADEB403}"
EndProject
Project("{2150E333-8FDC-42A3-9474-1A3956D46DE8}") = "CLI", "CLI", "{972AB795-703C-4CC2-8240-59F1F03D00CE}"
EndProject
Global
	GlobalSection(SolutionConfigurationPlatforms) = preSolution
		Debug|Any CPU = Debug|Any CPU
		Release|Any CPU = Release|Any CPU
	EndGlobalSection
	GlobalSection(ProjectConfigurationPlatforms) = postSolution
		{3C29736F-572D-42D9-91D1-C3E71A536015}.Debug|Any CPU.ActiveCfg = Debug|Any CPU
		{3C29736F-572D-42D9-91D1-C3E71A536015}.Debug|Any CPU.Build.0 = Debug|Any CPU
		{3C29736F-572D-42D9-91D1-C3E71A536015}.Release|Any CPU.ActiveCfg = Release|Any CPU
		{3C29736F-572D-42D9-91D1-C3E71A536015}.Release|Any CPU.Build.0 = Release|Any CPU
		{E64C30D5-B506-4574-89FC-8A5F60CA5AD8}.Debug|Any CPU.ActiveCfg = Debug|Any CPU
		{E64C30D5-B506-4574-89FC-8A5F60CA5AD8}.Debug|Any CPU.Build.0 = Debug|Any CPU
		{E64C30D5-B506-4574-89FC-8A5F60CA5AD8}.Release|Any CPU.ActiveCfg = Release|Any CPU
		{E64C30D5-B506-4574-89FC-8A5F60CA5AD8}.Release|Any CPU.Build.0 = Release|Any CPU
		{8786A349-6B05-4CFA-AF4E-EAE9839C5AB0}.Debug|Any CPU.ActiveCfg = Debug|Any CPU
		{8786A349-6B05-4CFA-AF4E-EAE9839C5AB0}.Debug|Any CPU.Build.0 = Debug|Any CPU
		{8786A349-6B05-4CFA-AF4E-EAE9839C5AB0}.Release|Any CPU.ActiveCfg = Release|Any CPU
		{8786A349-6B05-4CFA-AF4E-EAE9839C5AB0}.Release|Any CPU.Build.0 = Release|Any CPU
		{4BCA5677-7506-48F3-B4A6-E4A26EF47AD0}.Debug|Any CPU.ActiveCfg = Debug|Any CPU
		{4BCA5677-7506-48F3-B4A6-E4A26EF47AD0}.Debug|Any CPU.Build.0 = Debug|Any CPU
		{4BCA5677-7506-48F3-B4A6-E4A26EF47AD0}.Release|Any CPU.ActiveCfg = Release|Any CPU
		{4BCA5677-7506-48F3-B4A6-E4A26EF47AD0}.Release|Any CPU.Build.0 = Release|Any CPU
		{7D5B1EEF-3D95-420E-93EE-F73FD89C00B8}.Debug|Any CPU.ActiveCfg = Debug|Any CPU
		{7D5B1EEF-3D95-420E-93EE-F73FD89C00B8}.Debug|Any CPU.Build.0 = Debug|Any CPU
		{7D5B1EEF-3D95-420E-93EE-F73FD89C00B8}.Release|Any CPU.ActiveCfg = Release|Any CPU
		{7D5B1EEF-3D95-420E-93EE-F73FD89C00B8}.Release|Any CPU.Build.0 = Release|Any CPU
		{BE4F562D-D8B2-40E5-A410-CFE2CADEB403}.Debug|Any CPU.ActiveCfg = Debug|Any CPU
		{BE4F562D-D8B2-40E5-A410-CFE2CADEB403}.Debug|Any CPU.Build.0 = Debug|Any CPU
		{BE4F562D-D8B2-40E5-A410-CFE2CADEB403}.Release|Any CPU.ActiveCfg = Release|Any CPU
		{BE4F562D-D8B2-40E5-A410-CFE2CADEB403}.Release|Any CPU.Build.0 = Release|Any CPU
	EndGlobalSection
	GlobalSection(SolutionProperties) = preSolution
		HideSolutionNode = FALSE
	EndGlobalSection
	GlobalSection(NestedProjects) = preSolution
		{3C29736F-572D-42D9-91D1-C3E71A536015} = {C777DD3A-EC1B-4753-A1CB-FA19D2A905A7}
		{E64C30D5-B506-4574-89FC-8A5F60CA5AD8} = {717D65A6-7B59-4352-BAD8-E4D74FD7A508}
		{8786A349-6B05-4CFA-AF4E-EAE9839C5AB0} = {0C9ED400-F809-4009-9440-4458F9E056D4}
		{4BCA5677-7506-48F3-B4A6-E4A26EF47AD0} = {C777DD3A-EC1B-4753-A1CB-FA19D2A905A7}
		{7D5B1EEF-3D95-420E-93EE-F73FD89C00B8} = {31D4CC42-E763-4CBF-B1E3-7C004F82FF9F}
		{BE4F562D-D8B2-40E5-A410-CFE2CADEB403} = {972AB795-703C-4CC2-8240-59F1F03D00CE}
	EndGlobalSection
	GlobalSection(ExtensibilityGlobals) = postSolution
		SolutionGuid = {92784B39-DB60-4E5A-A2C6-98537462EEC3}
	EndGlobalSection
EndGlobal
